
Microsoft Visual Studio Solution File, Format Version 12.00
# Visual Studio 15
VisualStudioVersion = 15.0.28307.2092
MinimumVisualStudioVersion = 10.0.40219.1
Project("{8BC9CEB8-8B4A-11D0-8D11-00A0C91BC942}") = "HW3-1_p20", "HW3-1_p20\HW3-1_p20.vcxproj", "{39E2DC8E-8F3D-4421-849A-F4B62C9DC580}"
EndProject
Global
	GlobalSection(SolutionConfigurationPlatforms) = preSolution
		Debug|x64 = Debug|x64
		Debug|x86 = Debug|x86
		Release|x64 = Release|x64
		Release|x86 = Release|x86
	EndGlobalSection
	GlobalSection(ProjectConfigurationPlatforms) = postSolution
		{39E2DC8E-8F3D-4421-849A-F4B62C9DC580}.Debug|x64.ActiveCfg = Debug|x64
		{39E2DC8E-8F3D-4421-849A-F4B62C9DC580}.Debug|x64.Build.0 = Debug|x64
		{39E2DC8E-8F3D-4421-849A-F4B62C9DC580}.Debug|x86.ActiveCfg = Debug|Win32
		{39E2DC8E-8F3D-4421-849A-F4B62C9DC580}.Debug|x86.Build.0 = Debug|Win32
		{39E2DC8E-8F3D-4421-849A-F4B62C9DC580}.Release|x64.ActiveCfg = Release|x64
		{39E2DC8E-8F3D-4421-849A-F4B62C9DC580}.Release|x64.Build.0 = Release|x64
		{39E2DC8E-8F3D-4421-849A-F4B62C9DC580}.Release|x86.ActiveCfg = Release|Win32
		{39E2DC8E-8F3D-4421-849A-F4B62C9DC580}.Release|x86.Build.0 = Release|Win32
	EndGlobalSection
	GlobalSection(SolutionProperties) = preSolution
		HideSolutionNode = FALSE
	EndGlobalSection
	GlobalSection(ExtensibilityGlobals) = postSolution
		SolutionGuid = {40E1B073-D6FC-4190-AC04-0F61BF94ED30}
	EndGlobalSection
EndGlobal
